
Microsoft Visual Studio Solution File, Format Version 12.00
# Visual Studio Version 17
VisualStudioVersion = 17.4.33213.308
MinimumVisualStudioVersion = 10.0.40219.1
Project("{FAE04EC0-301F-11D3-BF4B-00C04F79EFBC}") = "Cornucopia Phone Validation", "Cornucopia Phone Validation.csproj", "{03D1AE6E-2D7C-4BB6-9DF5-CE93FC0DDE23}"
EndProject
Global
	GlobalSection(SolutionConfigurationPlatforms) = preSolution
		Debug|Any CPU = Debug|Any CPU
		Release|Any CPU = Release|Any CPU
	EndGlobalSection
	GlobalSection(ProjectConfigurationPlatforms) = postSolution
		{03D1AE6E-2D7C-4BB6-9DF5-CE93FC0DDE23}.Debug|Any CPU.ActiveCfg = Debug|Any CPU
		{03D1AE6E-2D7C-4BB6-9DF5-CE93FC0DDE23}.Debug|Any CPU.Build.0 = Debug|Any CPU
		{03D1AE6E-2D7C-4BB6-9DF5-CE93FC0DDE23}.Release|Any CPU.ActiveCfg = Release|Any CPU
		{03D1AE6E-2D7C-4BB6-9DF5-CE93FC0DDE23}.Release|Any CPU.Build.0 = Release|Any CPU
	EndGlobalSection
	GlobalSection(SolutionProperties) = preSolution
		HideSolutionNode = FALSE
	EndGlobalSection
	GlobalSection(ExtensibilityGlobals) = postSolution
		SolutionGuid = {FD00F0EA-5450-4D62-90A8-A90C58092AFE}
	EndGlobalSection
EndGlobal
